// !$*UTF8*$!
{
	archiveVersion = 1;
	classes = {
	};
	objectVersion = 48;
	objects = {

/* Begin PBXBuildFile section */
		6FB51755205E42B1006B7559 /* AppDelegate.swift in Sources */ = {isa = PBXBuildFile; fileRef = 6FB51754205E42B1006B7559 /* AppDelegate.swift */; };
		6FB51757205E42B1006B7559 /* ViewController.swift in Sources */ = {isa = PBXBuildFile; fileRef = 6FB51756205E42B1006B7559 /* ViewController.swift */; };
		6FB5175A205E42B2006B7559 /* Main.storyboard in Resources */ = {isa = PBXBuildFile; fileRef = 6FB51758205E42B2006B7559 /* Main.storyboard */; };
		6FB5175C205E42B2006B7559 /* Assets.xcassets in Resources */ = {isa = PBXBuildFile; fileRef = 6FB5175B205E42B2006B7559 /* Assets.xcassets */; };
		6FB5175F205E42B2006B7559 /* LaunchScreen.storyboard in Resources */ = {isa = PBXBuildFile; fileRef = 6FB5175D205E42B2006B7559 /* LaunchScreen.storyboard */; };
		6FB5176A205E42B2006B7559 /* FeedTests.swift in Sources */ = {isa = PBXBuildFile; fileRef = 6FB51769205E42B2006B7559 /* FeedTests.swift */; };
		6FB51775205E42B2006B7559 /* FeedUITests.swift in Sources */ = {isa = PBXBuildFile; fileRef = 6FB51774205E42B2006B7559 /* FeedUITests.swift */; };
		6FB51783205E47AE006B7559 /* PostCell.swift in Sources */ = {isa = PBXBuildFile; fileRef = 6FB51782205E47AE006B7559 /* PostCell.swift */; };
/* End PBXBuildFile section */

/* Begin PBXContainerItemProxy section */
		6FB51766205E42B2006B7559 /* PBXContainerItemProxy */ = {
			isa = PBXContainerItemProxy;
			containerPortal = 6FB51749205E42B1006B7559 /* Project object */;
			proxyType = 1;
			remoteGlobalIDString = 6FB51750205E42B1006B7559;
			remoteInfo = Feed;
		};
		6FB51771205E42B2006B7559 /* PBXContainerItemProxy */ = {
			isa = PBXContainerItemProxy;
			containerPortal = 6FB51749205E42B1006B7559 /* Project object */;
			proxyType = 1;
			remoteGlobalIDString = 6FB51750205E42B1006B7559;
			remoteInfo = Feed;
		};
/* End PBXContainerItemProxy section */

/* Begin PBXFileReference section */
		6FB51751205E42B1006B7559 /* Feed.app */ = {isa = PBXFileReference; explicitFileType = wrapper.application; includeInIndex = 0; path = Feed.app; sourceTree = BUILT_PRODUCTS_DIR; };
		6FB51754205E42B1006B7559 /* AppDelegate.swift */ = {isa = PBXFileReference; lastKnownFileType = sourcecode.swift; path = AppDelegate.swift; sourceTree = "<group>"; };
		6FB51756205E42B1006B7559 /* ViewController.swift */ = {isa = PBXFileReference; lastKnownFileType = sourcecode.swift; path = ViewController.swift; sourceTree = "<group>"; };
		6FB51759205E42B2006B7559 /* Base */ = {isa = PBXFileReference; lastKnownFileType = file.storyboard; name = Base; path = Base.lproj/Main.storyboard; sourceTree = "<group>"; };
		6FB5175B205E42B2006B7559 /* Assets.xcassets */ = {isa = PBXFileReference; lastKnownFileType = folder.assetcatalog; path = Assets.xcassets; sourceTree = "<group>"; };
		6FB5175E205E42B2006B7559 /* Base */ = {isa = PBXFileReference; lastKnownFileType = file.storyboard; name = Base; path = Base.lproj/LaunchScreen.storyboard; sourceTree = "<group>"; };
		6FB51760205E42B2006B7559 /* Info.plist */ = {isa = PBXFileReference; lastKnownFileType = text.plist.xml; path = Info.plist; sourceTree = "<group>"; };
		6FB51765205E42B2006B7559 /* FeedTests.xctest */ = {isa = PBXFileReference; explicitFileType = wrapper.cfbundle; includeInIndex = 0; path = FeedTests.xctest; sourceTree = BUILT_PRODUCTS_DIR; };
		6FB51769205E42B2006B7559 /* FeedTests.swift */ = {isa = PBXFileReference; lastKnownFileType = sourcecode.swift; path = FeedTests.swift; sourceTree = "<group>"; };
		6FB5176B205E42B2006B7559 /* Info.plist */ = {isa = PBXFileReference; lastKnownFileType = text.plist.xml; path = Info.plist; sourceTree = "<group>"; };
		6FB51770205E42B2006B7559 /* FeedUITests.xctest */ = {isa = PBXFileReference; explicitFileType = wrapper.cfbundle; includeInIndex = 0; path = FeedUITests.xctest; sourceTree = BUILT_PRODUCTS_DIR; };
		6FB51774205E42B2006B7559 /* FeedUITests.swift */ = {isa = PBXFileReference; lastKnownFileType = sourcecode.swift; path = FeedUITests.swift; sourceTree = "<group>"; };
		6FB51776205E42B2006B7559 /* Info.plist */ = {isa = PBXFileReference; lastKnownFileType = text.plist.xml; path = Info.plist; sourceTree = "<group>"; };
		6FB51782205E47AE006B7559 /* PostCell.swift */ = {isa = PBXFileReference; lastKnownFileType = sourcecode.swift; path = PostCell.swift; sourceTree = "<group>"; };
/* End PBXFileReference section */

/* Begin PBXFrameworksBuildPhase section */
		6FB5174E205E42B1006B7559 /* Frameworks */ = {
			isa = PBXFrameworksBuildPhase;
			buildActionMask = 2147483647;
			files = (
			);
			runOnlyForDeploymentPostprocessing = 0;
		};
		6FB51762205E42B2006B7559 /* Frameworks */ = {
			isa = PBXFrameworksBuildPhase;
			buildActionMask = 2147483647;
			files = (
			);
			runOnlyForDeploymentPostprocessing = 0;
		};
		6FB5176D205E42B2006B7559 /* Frameworks */ = {
			isa = PBXFrameworksBuildPhase;
			buildActionMask = 2147483647;
			files = (
			);
			runOnlyForDeploymentPostprocessing = 0;
		};
/* End PBXFrameworksBuildPhase section */

/* Begin PBXGroup section */
		6FB51748205E42B1006B7559 = {
			isa = PBXGroup;
			children = (
				6FB51753205E42B1006B7559 /* Feed */,
				6FB51768205E42B2006B7559 /* FeedTests */,
				6FB51773205E42B2006B7559 /* FeedUITests */,
				6FB51752205E42B1006B7559 /* Products */,
			);
			sourceTree = "<group>";
		};
		6FB51752205E42B1006B7559 /* Products */ = {
			isa = PBXGroup;
			children = (
				6FB51751205E42B1006B7559 /* Feed.app */,
				6FB51765205E42B2006B7559 /* FeedTests.xctest */,
				6FB51770205E42B2006B7559 /* FeedUITests.xctest */,
			);
			name = Products;
			sourceTree = "<group>";
		};
		6FB51753205E42B1006B7559 /* Feed */ = {
			isa = PBXGroup;
			children = (
				6FB51754205E42B1006B7559 /* AppDelegate.swift */,
				6FB51756205E42B1006B7559 /* ViewController.swift */,
				6FB51782205E47AE006B7559 /* PostCell.swift */,
				6FB51758205E42B2006B7559 /* Main.storyboard */,
				6FB5175B205E42B2006B7559 /* Assets.xcassets */,
				6FB5175D205E42B2006B7559 /* LaunchScreen.storyboard */,
				6FB51760205E42B2006B7559 /* Info.plist */,
			);
			path = Feed;
			sourceTree = "<group>";
		};
		6FB51768205E42B2006B7559 /* FeedTests */ = {
			isa = PBXGroup;
			children = (
				6FB51769205E42B2006B7559 /* FeedTests.swift */,
				6FB5176B205E42B2006B7559 /* Info.plist */,
			);
			path = FeedTests;
			sourceTree = "<group>";
		};
		6FB51773205E42B2006B7559 /* FeedUITests */ = {
			isa = PBXGroup;
			children = (
				6FB51774205E42B2006B7559 /* FeedUITests.swift */,
				6FB51776205E42B2006B7559 /* Info.plist */,
			);
			path = FeedUITests;
			sourceTree = "<group>";
		};
/* End PBXGroup section */

/* Begin PBXNativeTarget section */
		6FB51750205E42B1006B7559 /* Feed */ = {
			isa = PBXNativeTarget;
			buildConfigurationList = 6FB51779205E42B2006B7559 /* Build configuration list for PBXNativeTarget "Feed" */;
			buildPhases = (
				6FB5174D205E42B1006B7559 /* Sources */,
				6FB5174E205E42B1006B7559 /* Frameworks */,
				6FB5174F205E42B1006B7559 /* Resources */,
			);
			buildRules = (
			);
			dependencies = (
			);
			name = Feed;
			productName = Feed;
			productReference = 6FB51751205E42B1006B7559 /* Feed.app */;
			productType = "com.apple.product-type.application";
		};
		6FB51764205E42B2006B7559 /* FeedTests */ = {
			isa = PBXNativeTarget;
			buildConfigurationList = 6FB5177C205E42B2006B7559 /* Build configuration list for PBXNativeTarget "FeedTests" */;
			buildPhases = (
				6FB51761205E42B2006B7559 /* Sources */,
				6FB51762205E42B2006B7559 /* Frameworks */,
				6FB51763205E42B2006B7559 /* Resources */,
			);
			buildRules = (
			);
			dependencies = (
				6FB51767205E42B2006B7559 /* PBXTargetDependency */,
			);
			name = FeedTests;
			productName = FeedTests;
			productReference = 6FB51765205E42B2006B7559 /* FeedTests.xctest */;
			productType = "com.apple.product-type.bundle.unit-test";
		};
		6FB5176F205E42B2006B7559 /* FeedUITests */ = {
			isa = PBXNativeTarget;
			buildConfigurationList = 6FB5177F205E42B2006B7559 /* Build configuration list for PBXNativeTarget "FeedUITests" */;
			buildPhases = (
				6FB5176C205E42B2006B7559 /* Sources */,
				6FB5176D205E42B2006B7559 /* Frameworks */,
				6FB5176E205E42B2006B7559 /* Resources */,
			);
			buildRules = (
			);
			dependencies = (
				6FB51772205E42B2006B7559 /* PBXTargetDependency */,
			);
			name = FeedUITests;
			productName = FeedUITests;
			productReference = 6FB51770205E42B2006B7559 /* FeedUITests.xctest */;
			productType = "com.apple.product-type.bundle.ui-testing";
		};
/* End PBXNativeTarget section */

/* Begin PBXProject section */
		6FB51749205E42B1006B7559 /* Project object */ = {
			isa = PBXProject;
			attributes = {
				LastSwiftUpdateCheck = 0920;
				LastUpgradeCheck = 0920;
				ORGANIZATIONNAME = "Chan Hee Park";
				TargetAttributes = {
					6FB51750205E42B1006B7559 = {
						CreatedOnToolsVersion = 9.2;
						ProvisioningStyle = Automatic;
					};
					6FB51764205E42B2006B7559 = {
						CreatedOnToolsVersion = 9.2;
						ProvisioningStyle = Automatic;
						TestTargetID = 6FB51750205E42B1006B7559;
					};
					6FB5176F205E42B2006B7559 = {
						CreatedOnToolsVersion = 9.2;
						ProvisioningStyle = Automatic;
						TestTargetID = 6FB51750205E42B1006B7559;
					};
				};
			};
			buildConfigurationList = 6FB5174C205E42B1006B7559 /* Build configuration list for PBXProject "Feed" */;
			compatibilityVersion = "Xcode 8.0";
			developmentRegion = en;
			hasScannedForEncodings = 0;
			knownRegions = (
				en,
				Base,
			);
			mainGroup = 6FB51748205E42B1006B7559;
			productRefGroup = 6FB51752205E42B1006B7559 /* Products */;
			projectDirPath = "";
			projectRoot = "";
			targets = (
				6FB51750205E42B1006B7559 /* Feed */,
				6FB51764205E42B2006B7559 /* FeedTests */,
				6FB5176F205E42B2006B7559 /* FeedUITests */,
			);
		};
/* End PBXProject section */

/* Begin PBXResourcesBuildPhase section */
		6FB5174F205E42B1006B7559 /* Resources */ = {
			isa = PBXResourcesBuildPhase;
			buildActionMask = 2147483647;
			files = (
				6FB5175F205E42B2006B7559 /* LaunchScreen.storyboard in Resources */,
				6FB5175C205E42B2006B7559 /* Assets.xcassets in Resources */,
				6FB5175A205E42B2006B7559 /* Main.storyboard in Resources */,
			);
			runOnlyForDeploymentPostprocessing = 0;
		};
		6FB51763205E42B2006B7559 /* Resources */ = {
			isa = PBXResourcesBuildPhase;
			buildActionMask = 2147483647;
			files = (
			);
			runOnlyForDeploymentPostprocessing = 0;
		};
		6FB5176E205E42B2006B7559 /* Resources */ = {
			isa = PBXResourcesBuildPhase;
			buildActionMask = 2147483647;
			files = (
			);
			runOnlyForDeploymentPostprocessing = 0;
		};
/* End PBXResourcesBuildPhase section */

/* Begin PBXSourcesBuildPhase section */
		6FB5174D205E42B1006B7559 /* Sources */ = {
			isa = PBXSourcesBuildPhase;
			buildActionMask = 2147483647;
			files = (
				6FB51757205E42B1006B7559 /* ViewController.swift in Sources */,
				6FB51755205E42B1006B7559 /* AppDelegate.swift in Sources */,
				6FB51783205E47AE006B7559 /* PostCell.swift in Sources */,
			);
			runOnlyForDeploymentPostprocessing = 0;
		};
		6FB51761205E42B2006B7559 /* Sources */ = {
			isa = PBXSourcesBuildPhase;
			buildActionMask = 2147483647;
			files = (
				6FB5176A205E42B2006B7559 /* FeedTests.swift in Sources */,
			);
			runOnlyForDeploymentPostprocessing = 0;
		};
		6FB5176C205E42B2006B7559 /* Sources */ = {
			isa = PBXSourcesBuildPhase;
			buildActionMask = 2147483647;
			files = (
				6FB51775205E42B2006B7559 /* FeedUITests.swift in Sources */,
			);
			runOnlyForDeploymentPostprocessing = 0;
		};
/* End PBXSourcesBuildPhase section */

/* Begin PBXTargetDependency section */
		6FB51767205E42B2006B7559 /* PBXTargetDependency */ = {
			isa = PBXTargetDependency;
			target = 6FB51750205E42B1006B7559 /* Feed */;
			targetProxy = 6FB51766205E42B2006B7559 /* PBXContainerItemProxy */;
		};
		6FB51772205E42B2006B7559 /* PBXTargetDependency */ = {
			isa = PBXTargetDependency;
			target = 6FB51750205E42B1006B7559 /* Feed */;
			targetProxy = 6FB51771205E42B2006B7559 /* PBXContainerItemProxy */;
		};
/* End PBXTargetDependency section */

/* Begin PBXVariantGroup section */
		6FB51758205E42B2006B7559 /* Main.storyboard */ = {
			isa = PBXVariantGroup;
			children = (
				6FB51759205E42B2006B7559 /* Base */,
			);
			name = Main.storyboard;
			sourceTree = "<group>";
		};
		6FB5175D205E42B2006B7559 /* LaunchScreen.storyboard */ = {
			isa = PBXVariantGroup;
			children = (
				6FB5175E205E42B2006B7559 /* Base */,
			);
			name = LaunchScreen.storyboard;
			sourceTree = "<group>";
		};
/* End PBXVariantGroup section */

/* Begin XCBuildConfiguration section */
		6FB51777205E42B2006B7559 /* Debug */ = {
			isa = XCBuildConfiguration;
			buildSettings = {
				ALWAYS_SEARCH_USER_PATHS = NO;
				CLANG_ANALYZER_NONNULL = YES;
				CLANG_ANALYZER_NUMBER_OBJECT_CONVERSION = YES_AGGRESSIVE;
				CLANG_CXX_LANGUAGE_STANDARD = "gnu++14";
				CLANG_CXX_LIBRARY = "libc++";
				CLANG_ENABLE_MODULES = YES;
				CLANG_ENABLE_OBJC_ARC = YES;
				CLANG_WARN_BLOCK_CAPTURE_AUTORELEASING = YES;
				CLANG_WARN_BOOL_CONVERSION = YES;
				CLANG_WARN_COMMA = YES;
				CLANG_WARN_CONSTANT_CONVERSION = YES;
				CLANG_WARN_DIRECT_OBJC_ISA_USAGE = YES_ERROR;
				CLANG_WARN_DOCUMENTATION_COMMENTS = YES;
				CLANG_WARN_EMPTY_BODY = YES;
				CLANG_WARN_ENUM_CONVERSION = YES;
				CLANG_WARN_INFINITE_RECURSION = YES;
				CLANG_WARN_INT_CONVERSION = YES;
				CLANG_WARN_NON_LITERAL_NULL_CONVERSION = YES;
				CLANG_WARN_OBJC_LITERAL_CONVERSION = YES;
				CLANG_WARN_OBJC_ROOT_CLASS = YES_ERROR;
				CLANG_WARN_RANGE_LOOP_ANALYSIS = YES;
				CLANG_WARN_STRICT_PROTOTYPES = YES;
				CLANG_WARN_SUSPICIOUS_MOVE = YES;
				CLANG_WARN_UNGUARDED_AVAILABILITY = YES_AGGRESSIVE;
				CLANG_WARN_UNREACHABLE_CODE = YES;
				CLANG_WARN__DUPLICATE_METHOD_MATCH = YES;
				CODE_SIGN_IDENTITY = "iPhone Developer";
				COPY_PHASE_STRIP = NO;
				DEBUG_INFORMATION_FORMAT = dwarf;
				ENABLE_STRICT_OBJC_MSGSEND = YES;
				ENABLE_TESTABILITY = YES;
				GCC_C_LANGUAGE_STANDARD = gnu11;
				GCC_DYNAMIC_NO_PIC = NO;
				GCC_NO_COMMON_BLOCKS = YES;
				GCC_OPTIMIZATION_LEVEL = 0;
				GCC_PREPROCESSOR_DEFINITIONS = (
					"DEBUG=1",
					"$(inherited)",
				);
				GCC_WARN_64_TO_32_BIT_CONVERSION = YES;
				GCC_WARN_ABOUT_RETURN_TYPE = YES_ERROR;
				GCC_WARN_UNDECLARED_SELECTOR = YES;
				GCC_WARN_UNINITIALIZED_AUTOS = YES_AGGRESSIVE;
				GCC_WARN_UNUSED_FUNCTION = YES;
				GCC_WARN_UNUSED_VARIABLE = YES;
				IPHONEOS_DEPLOYMENT_TARGET = 11.2;
				MTL_ENABLE_DEBUG_INFO = YES;
				ONLY_ACTIVE_ARCH = YES;
				SDKROOT = iphoneos;
				SWIFT_ACTIVE_COMPILATION_CONDITIONS = DEBUG;
				SWIFT_OPTIMIZATION_LEVEL = "-Onone";
			};
			name = Debug;
		};
		6FB51778205E42B2006B7559 /* Release */ = {
			isa = XCBuildConfiguration;
			buildSettings = {
				ALWAYS_SEARCH_USER_PATHS = NO;
				CLANG_ANALYZER_NONNULL = YES;
				CLANG_ANALYZER_NUMBER_OBJECT_CONVERSION = YES_AGGRESSIVE;
				CLANG_CXX_LANGUAGE_STANDARD = "gnu++14";
				CLANG_CXX_LIBRARY = "libc++";
				CLANG_ENABLE_MODULES = YES;
				CLANG_ENABLE_OBJC_ARC = YES;
				CLANG_WARN_BLOCK_CAPTURE_AUTORELEASING = YES;
				CLANG_WARN_BOOL_CONVERSION = YES;
				CLANG_WARN_COMMA = YES;
				CLANG_WARN_CONSTANT_CONVERSION = YES;
				CLANG_WARN_DIRECT_OBJC_ISA_USAGE = YES_ERROR;
				CLANG_WARN_DOCUMENTATION_COMMENTS = YES;
				CLANG_WARN_EMPTY_BODY = YES;
				CLANG_WARN_ENUM_CONVERSION = YES;
				CLANG_WARN_INFINITE_RECURSION = YES;
				CLANG_WARN_INT_CONVERSION = YES;
				CLANG_WARN_NON_LITERAL_NULL_CONVERSION = YES;
				CLANG_WARN_OBJC_LITERAL_CONVERSION = YES;
				CLANG_WARN_OBJC_ROOT_CLASS = YES_ERROR;
				CLANG_WARN_RANGE_LOOP_ANALYSIS = YES;
				CLANG_WARN_STRICT_PROTOTYPES = YES;
				CLANG_WARN_SUSPICIOUS_MOVE = YES;
				CLANG_WARN_UNGUARDED_AVAILABILITY = YES_AGGRESSIVE;
				CLANG_WARN_UNREACHABLE_CODE = YES;
				CLANG_WARN__DUPLICATE_METHOD_MATCH = YES;
				CODE_SIGN_IDENTITY = "iPhone Developer";
				COPY_PHASE_STRIP = NO;
				DEBUG_INFORMATION_FORMAT = "dwarf-with-dsym";
				ENABLE_NS_ASSERTIONS = NO;
				ENABLE_STRICT_OBJC_MSGSEND = YES;
				GCC_C_LANGUAGE_STANDARD = gnu11;
				GCC_NO_COMMON_BLOCKS = YES;
				GCC_WARN_64_TO_32_BIT_CONVERSION = YES;
				GCC_WARN_ABOUT_RETURN_TYPE = YES_ERROR;
				GCC_WARN_UNDECLARED_SELECTOR = YES;
				GCC_WARN_UNINITIALIZED_AUTOS = YES_AGGRESSIVE;
				GCC_WARN_UNUSED_FUNCTION = YES;
				GCC_WARN_UNUSED_VARIABLE = YES;
				IPHONEOS_DEPLOYMENT_TARGET = 11.2;
				MTL_ENABLE_DEBUG_INFO = NO;
				SDKROOT = iphoneos;
				SWIFT_OPTIMIZATION_LEVEL = "-Owholemodule";
				VALIDATE_PRODUCT = YES;
			};
			name = Release;
		};
		6FB5177A205E42B2006B7559 /* Debug */ = {
			isa = XCBuildConfiguration;
			buildSettings = {
				ASSETCATALOG_COMPILER_APPICON_NAME = AppIcon;
				CODE_SIGN_STYLE = Automatic;
				DEVELOPMENT_TEAM = FPLWU74ZS9;
				INFOPLIST_FILE = Feed/Info.plist;
				LD_RUNPATH_SEARCH_PATHS = "$(inherited) @executable_path/Frameworks";
				PRODUCT_BUNDLE_IDENTIFIER = com.chanheepark.Feed;
				PRODUCT_NAME = "$(TARGET_NAME)";
				SWIFT_VERSION = 4.0;
				TARGETED_DEVICE_FAMILY = "1,2";
			};
			name = Debug;
		};
		6FB5177B205E42B2006B7559 /* Release */ = {
			isa = XCBuildConfiguration;
			buildSettings = {
				ASSETCATALOG_COMPILER_APPICON_NAME = AppIcon;
				CODE_SIGN_STYLE = Automatic;
				DEVELOPMENT_TEAM = FPLWU74ZS9;
				INFOPLIST_FILE = Feed/Info.plist;
				LD_RUNPATH_SEARCH_PATHS = "$(inherited) @executable_path/Frameworks";
				PRODUCT_BUNDLE_IDENTIFIER = com.chanheepark.Feed;
				PRODUCT_NAME = "$(TARGET_NAME)";
				SWIFT_VERSION = 4.0;
				TARGETED_DEVICE_FAMILY = "1,2";
			};
			name = Release;
		};
		6FB5177D205E42B2006B7559 /* Debug */ = {
			isa = XCBuildConfiguration;
			buildSettings = {
				ALWAYS_EMBED_SWIFT_STANDARD_LIBRARIES = YES;
				BUNDLE_LOADER = "$(TEST_HOST)";
				CODE_SIGN_STYLE = Automatic;
				DEVELOPMENT_TEAM = FPLWU74ZS9;
				INFOPLIST_FILE = FeedTests/Info.plist;
				LD_RUNPATH_SEARCH_PATHS = "$(inherited) @executable_path/Frameworks @loader_path/Frameworks";
				PRODUCT_BUNDLE_IDENTIFIER = com.chanheepark.FeedTests;
				PRODUCT_NAME = "$(TARGET_NAME)";
				SWIFT_VERSION = 4.0;
				TARGETED_DEVICE_FAMILY = "1,2";
				TEST_HOST = "$(BUILT_PRODUCTS_DIR)/Feed.app/Feed";
			};
			name = Debug;
		};
		6FB5177E205E42B2006B7559 /* Release */ = {
			isa = XCBuildConfiguration;
			buildSettings = {
				ALWAYS_EMBED_SWIFT_STANDARD_LIBRARIES = YES;
				BUNDLE_LOADER = "$(TEST_HOST)";
				CODE_SIGN_STYLE = Automatic;
				DEVELOPMENT_TEAM = FPLWU74ZS9;
				INFOPLIST_FILE = FeedTests/Info.plist;
				LD_RUNPATH_SEARCH_PATHS = "$(inherited) @executable_path/Frameworks @loader_path/Frameworks";
				PRODUCT_BUNDLE_IDENTIFIER = com.chanheepark.FeedTests;
				PRODUCT_NAME = "$(TARGET_NAME)";
				SWIFT_VERSION = 4.0;
				TARGETED_DEVICE_FAMILY = "1,2";
				TEST_HOST = "$(BUILT_PRODUCTS_DIR)/Feed.app/Feed";
			};
			name = Release;
		};
		6FB51780205E42B2006B7559 /* Debug */ = {
			isa = XCBuildConfiguration;
			buildSettings = {
				ALWAYS_EMBED_SWIFT_STANDARD_LIBRARIES = YES;
				CODE_SIGN_STYLE = Automatic;
				DEVELOPMENT_TEAM = FPLWU74ZS9;
				INFOPLIST_FILE = FeedUITests/Info.plist;
				LD_RUNPATH_SEARCH_PATHS = "$(inherited) @executable_path/Frameworks @loader_path/Frameworks";
				PRODUCT_BUNDLE_IDENTIFIER = com.chanheepark.FeedUITests;
				PRODUCT_NAME = "$(TARGET_NAME)";
				SWIFT_VERSION = 4.0;
				TARGETED_DEVICE_FAMILY = "1,2";
				TEST_TARGET_NAME = Feed;
			};
			name = Debug;
		};
		6FB51781205E42B2006B7559 /* Release */ = {
			isa = XCBuildConfiguration;
			buildSettings = {
				ALWAYS_EMBED_SWIFT_STANDARD_LIBRARIES = YES;
				CODE_SIGN_STYLE = Automatic;
				DEVELOPMENT_TEAM = FPLWU74ZS9;
				INFOPLIST_FILE = FeedUITests/Info.plist;
				LD_RUNPATH_SEARCH_PATHS = "$(inherited) @executable_path/Frameworks @loader_path/Frameworks";
				PRODUCT_BUNDLE_IDENTIFIER = com.chanheepark.FeedUITests;
				PRODUCT_NAME = "$(TARGET_NAME)";
				SWIFT_VERSION = 4.0;
				TARGETED_DEVICE_FAMILY = "1,2";
				TEST_TARGET_NAME = Feed;
			};
			name = Release;
		};
/* End XCBuildConfiguration section */

/* Begin XCConfigurationList section */
		6FB5174C205E42B1006B7559 /* Build configuration list for PBXProject "Feed" */ = {
			isa = XCConfigurationList;
			buildConfigurations = (
				6FB51777205E42B2006B7559 /* Debug */,
				6FB51778205E42B2006B7559 /* Release */,
			);
			defaultConfigurationIsVisible = 0;
			defaultConfigurationName = Release;
		};
		6FB51779205E42B2006B7559 /* Build configuration list for PBXNativeTarget "Feed" */ = {
			isa = XCConfigurationList;
			buildConfigurations = (
				6FB5177A205E42B2006B7559 /* Debug */,
				6FB5177B205E42B2006B7559 /* Release */,
			);
			defaultConfigurationIsVisible = 0;
			defaultConfigurationName = Release;
		};
		6FB5177C205E42B2006B7559 /* Build configuration list for PBXNativeTarget "FeedTests" */ = {
			isa = XCConfigurationList;
			buildConfigurations = (
				6FB5177D205E42B2006B7559 /* Debug */,
				6FB5177E205E42B2006B7559 /* Release */,
			);
			defaultConfigurationIsVisible = 0;
			defaultConfigurationName = Release;
		};
		6FB5177F205E42B2006B7559 /* Build configuration list for PBXNativeTarget "FeedUITests" */ = {
			isa = XCConfigurationList;
			buildConfigurations = (
				6FB51780205E42B2006B7559 /* Debug */,
				6FB51781205E42B2006B7559 /* Release */,
			);
			defaultConfigurationIsVisible = 0;
			defaultConfigurationName = Release;
		};
/* End XCConfigurationList section */
	};
	rootObject = 6FB51749205E42B1006B7559 /* Project object */;
}
